// !$*UTF8*$!
{
	archiveVersion = 1;
	classes = {
	};
	objectVersion = 51;
	objects = {

/* Begin PBXBuildFile section */
		029C302B1E80831D0F30AF26 /* Pods_GimmeUITests.framework in Frameworks */ = {isa = PBXBuildFile; fileRef = FDBCE512069375C008A3DA39 /* Pods_GimmeUITests.framework */; };
		A98A49BCCB144603CA4CB74A /* Pods_GimmeTests.framework in Frameworks */ = {isa = PBXBuildFile; fileRef = 4E9ADD531C7BC63AF2815311 /* Pods_GimmeTests.framework */; };
		C64BC3DC952FF3C44640718B /* Pods_Gimme.framework in Frameworks */ = {isa = PBXBuildFile; fileRef = 54B641ECE8775E3A51DEF0D5 /* Pods_Gimme.framework */; };
		E4CD6BAC245597CE00559EF2 /* Structures.swift in Sources */ = {isa = PBXBuildFile; fileRef = E4CD6BAB245597CE00559EF2 /* Structures.swift */; };
		E4CD6BAE2455980900559EF2 /* User.swift in Sources */ = {isa = PBXBuildFile; fileRef = E4CD6BAD2455980900559EF2 /* User.swift */; };
		E4CD6BB02455982D00559EF2 /* Giveaway.swift in Sources */ = {isa = PBXBuildFile; fileRef = E4CD6BAF2455982D00559EF2 /* Giveaway.swift */; };
		E4CD6BB22455985800559EF2 /* FeedData.swift in Sources */ = {isa = PBXBuildFile; fileRef = E4CD6BB12455985800559EF2 /* FeedData.swift */; };
		E4CD6BB42455987800559EF2 /* DummyData.swift in Sources */ = {isa = PBXBuildFile; fileRef = E4CD6BB32455987800559EF2 /* DummyData.swift */; };
		F72FBFB7245588A900055797 /* Asset 6.svg in Resources */ = {isa = PBXBuildFile; fileRef = F72FBF9B245588A900055797 /* Asset 6.svg */; };
		F72FBFB8245588A900055797 /* Asset 4.svg in Resources */ = {isa = PBXBuildFile; fileRef = F72FBF9C245588A900055797 /* Asset 4.svg */; };
		F72FBFB9245588A900055797 /* Asset 5.svg in Resources */ = {isa = PBXBuildFile; fileRef = F72FBF9D245588A900055797 /* Asset 5.svg */; };
		F72FBFBA245588A900055797 /* Asset 1.svg in Resources */ = {isa = PBXBuildFile; fileRef = F72FBF9E245588A900055797 /* Asset 1.svg */; };
		F72FBFBB245588A900055797 /* Asset 2.svg in Resources */ = {isa = PBXBuildFile; fileRef = F72FBF9F245588A900055797 /* Asset 2.svg */; };
		F72FBFBC245588A900055797 /* Asset 3.svg in Resources */ = {isa = PBXBuildFile; fileRef = F72FBFA0245588A900055797 /* Asset 3.svg */; };
		F72FBFBD245588A900055797 /* Asset 5@3x.png in Resources */ = {isa = PBXBuildFile; fileRef = F72FBFA2245588A900055797 /* Asset 5@3x.png */; };
		F72FBFBE245588A900055797 /* Asset 1@3x.png in Resources */ = {isa = PBXBuildFile; fileRef = F72FBFA3245588A900055797 /* Asset 1@3x.png */; };
		F72FBFBF245588A900055797 /* Asset 3@3x.png in Resources */ = {isa = PBXBuildFile; fileRef = F72FBFA4245588A900055797 /* Asset 3@3x.png */; };
		F72FBFC0245588A900055797 /* Asset 6@3x.png in Resources */ = {isa = PBXBuildFile; fileRef = F72FBFA5245588A900055797 /* Asset 6@3x.png */; };
		F72FBFC1245588A900055797 /* Asset 4@3x.png in Resources */ = {isa = PBXBuildFile; fileRef = F72FBFA6245588A900055797 /* Asset 4@3x.png */; };
		F72FBFC2245588A900055797 /* Asset 2@3x.png in Resources */ = {isa = PBXBuildFile; fileRef = F72FBFA7245588A900055797 /* Asset 2@3x.png */; };
		F72FBFC3245588A900055797 /* Paypal-Logo-2015.png in Resources */ = {isa = PBXBuildFile; fileRef = F72FBFA8245588A900055797 /* Paypal-Logo-2015.png */; };
		F72FBFC4245588A900055797 /* Asset 5@2x.png in Resources */ = {isa = PBXBuildFile; fileRef = F72FBFAA245588A900055797 /* Asset 5@2x.png */; };
		F72FBFC5245588A900055797 /* Asset 3@2x.png in Resources */ = {isa = PBXBuildFile; fileRef = F72FBFAB245588A900055797 /* Asset 3@2x.png */; };
		F72FBFC6245588A900055797 /* Asset 1@x2.png in Resources */ = {isa = PBXBuildFile; fileRef = F72FBFAC245588A900055797 /* Asset 1@x2.png */; };
		F72FBFC7245588A900055797 /* Asset 4@2x.png in Resources */ = {isa = PBXBuildFile; fileRef = F72FBFAD245588A900055797 /* Asset 4@2x.png */; };
		F72FBFC8245588A900055797 /* Asset 6@2x.png in Resources */ = {isa = PBXBuildFile; fileRef = F72FBFAE245588A900055797 /* Asset 6@2x.png */; };
		F72FBFC9245588A900055797 /* Asset 2@2x.png in Resources */ = {isa = PBXBuildFile; fileRef = F72FBFAF245588A900055797 /* Asset 2@2x.png */; };
		F72FBFCA245588A900055797 /* Asset 3.png in Resources */ = {isa = PBXBuildFile; fileRef = F72FBFB1245588A900055797 /* Asset 3.png */; };
		F72FBFCB245588A900055797 /* Asset 2.png in Resources */ = {isa = PBXBuildFile; fileRef = F72FBFB2245588A900055797 /* Asset 2.png */; };
		F72FBFCC245588A900055797 /* Asset 1.png in Resources */ = {isa = PBXBuildFile; fileRef = F72FBFB3245588A900055797 /* Asset 1.png */; };
		F72FBFCD245588A900055797 /* Asset 5.png in Resources */ = {isa = PBXBuildFile; fileRef = F72FBFB4245588A900055797 /* Asset 5.png */; };
		F72FBFCE245588A900055797 /* Asset 4.png in Resources */ = {isa = PBXBuildFile; fileRef = F72FBFB5245588A900055797 /* Asset 4.png */; };
		F72FBFCF245588A900055797 /* Asset 6.png in Resources */ = {isa = PBXBuildFile; fileRef = F72FBFB6245588A900055797 /* Asset 6.png */; };
		F72FBFD12455900400055797 /* ProfileViewController.swift in Sources */ = {isa = PBXBuildFile; fileRef = F72FBFD02455900400055797 /* ProfileViewController.swift */; };
		F72FBFD3245592BD00055797 /* TrendingViewController.swift in Sources */ = {isa = PBXBuildFile; fileRef = F72FBFD2245592BD00055797 /* TrendingViewController.swift */; };
		F72FBFD72455984700055797 /* Comment.png in Resources */ = {isa = PBXBuildFile; fileRef = F72FBFD42455984600055797 /* Comment.png */; };
		F72FBFD82455984700055797 /* Expand.png in Resources */ = {isa = PBXBuildFile; fileRef = F72FBFD52455984600055797 /* Expand.png */; };
		F72FBFD92455984700055797 /* Join.png in Resources */ = {isa = PBXBuildFile; fileRef = F72FBFD62455984700055797 /* Join.png */; };
		F72FBFDB24559BD800055797 /* tony.png in Resources */ = {isa = PBXBuildFile; fileRef = F72FBFDA24559BD800055797 /* tony.png */; };
		F756BBB724543FED00047666 /* AppDelegate.swift in Sources */ = {isa = PBXBuildFile; fileRef = F756BBB624543FED00047666 /* AppDelegate.swift */; };
		F756BBBC24543FED00047666 /* Gimme.xcdatamodeld in Sources */ = {isa = PBXBuildFile; fileRef = F756BBBA24543FED00047666 /* Gimme.xcdatamodeld */; };
		F756BBC024543FEE00047666 /* Assets.xcassets in Resources */ = {isa = PBXBuildFile; fileRef = F756BBBF24543FEE00047666 /* Assets.xcassets */; };
		F756BBC324543FEE00047666 /* Preview Assets.xcassets in Resources */ = {isa = PBXBuildFile; fileRef = F756BBC224543FEE00047666 /* Preview Assets.xcassets */; };
		F756BBC624543FEE00047666 /* LaunchScreen.storyboard in Resources */ = {isa = PBXBuildFile; fileRef = F756BBC424543FEE00047666 /* LaunchScreen.storyboard */; };
		F756BBD124543FEF00047666 /* GimmeTests.swift in Sources */ = {isa = PBXBuildFile; fileRef = F756BBD024543FEF00047666 /* GimmeTests.swift */; };
		F756BBDC24543FEF00047666 /* GimmeUITests.swift in Sources */ = {isa = PBXBuildFile; fileRef = F756BBDB24543FEF00047666 /* GimmeUITests.swift */; };
		F756BBEA245440A400047666 /* GoogleService-Info.plist in Resources */ = {isa = PBXBuildFile; fileRef = F756BBE9245440A400047666 /* GoogleService-Info.plist */; };
		F7B32A9A2454983D009D349A /* Main.storyboard in Resources */ = {isa = PBXBuildFile; fileRef = F7B32A992454983D009D349A /* Main.storyboard */; };
		F7B32A9C2454A29A009D349A /* LandingViewController.swift in Sources */ = {isa = PBXBuildFile; fileRef = F7B32A9B2454A29A009D349A /* LandingViewController.swift */; };
		F7B32A9E2454B05A009D349A /* SignUpViewController.swift in Sources */ = {isa = PBXBuildFile; fileRef = F7B32A9D2454B05A009D349A /* SignUpViewController.swift */; };
		F7B32AA02454B071009D349A /* LoginViewController.swift in Sources */ = {isa = PBXBuildFile; fileRef = F7B32A9F2454B071009D349A /* LoginViewController.swift */; };
		F7B32AA62454DAA5009D349A /* CommentTableViewCell.swift in Sources */ = {isa = PBXBuildFile; fileRef = F7B32AA52454DAA5009D349A /* CommentTableViewCell.swift */; };
		F7B32AA82454DBBF009D349A /* NotificationTableViewCell.swift in Sources */ = {isa = PBXBuildFile; fileRef = F7B32AA72454DBBF009D349A /* NotificationTableViewCell.swift */; };
		F7B32AAB2455204F009D349A /* FeedPostTableViewCell.swift in Sources */ = {isa = PBXBuildFile; fileRef = F7B32AA92455204F009D349A /* FeedPostTableViewCell.swift */; };
		F7B32AAC2455204F009D349A /* FeedPostTableViewCell.xib in Resources */ = {isa = PBXBuildFile; fileRef = F7B32AAA2455204F009D349A /* FeedPostTableViewCell.xib */; };
		F7B32AB0245531AC009D349A /* FeedTableViewController.swift in Sources */ = {isa = PBXBuildFile; fileRef = F7B32AAF245531AC009D349A /* FeedTableViewController.swift */; };
		F7B32AB2245533AA009D349A /* CreateGiveawayViewController.swift in Sources */ = {isa = PBXBuildFile; fileRef = F7B32AB1245533AA009D349A /* CreateGiveawayViewController.swift */; };
/* End PBXBuildFile section */

/* Begin PBXContainerItemProxy section */
		F756BBCD24543FEF00047666 /* PBXContainerItemProxy */ = {
			isa = PBXContainerItemProxy;
			containerPortal = F756BBAB24543FED00047666 /* Project object */;
			proxyType = 1;
			remoteGlobalIDString = F756BBB224543FED00047666;
			remoteInfo = Gimme;
		};
		F756BBD824543FEF00047666 /* PBXContainerItemProxy */ = {
			isa = PBXContainerItemProxy;
			containerPortal = F756BBAB24543FED00047666 /* Project object */;
			proxyType = 1;
			remoteGlobalIDString = F756BBB224543FED00047666;
			remoteInfo = Gimme;
		};
/* End PBXContainerItemProxy section */

/* Begin PBXFileReference section */
		1780ED9871DD42BF9AC60C52 /* Pods-GimmeTests.release.xcconfig */ = {isa = PBXFileReference; includeInIndex = 1; lastKnownFileType = text.xcconfig; name = "Pods-GimmeTests.release.xcconfig"; path = "Target Support Files/Pods-GimmeTests/Pods-GimmeTests.release.xcconfig"; sourceTree = "<group>"; };
		34D40E8B8097A743008D6096 /* Pods-Gimme.release.xcconfig */ = {isa = PBXFileReference; includeInIndex = 1; lastKnownFileType = text.xcconfig; name = "Pods-Gimme.release.xcconfig"; path = "Target Support Files/Pods-Gimme/Pods-Gimme.release.xcconfig"; sourceTree = "<group>"; };
		3AE71A2C07E85920EBBAF379 /* Pods-Gimme.debug.xcconfig */ = {isa = PBXFileReference; includeInIndex = 1; lastKnownFileType = text.xcconfig; name = "Pods-Gimme.debug.xcconfig"; path = "Target Support Files/Pods-Gimme/Pods-Gimme.debug.xcconfig"; sourceTree = "<group>"; };
		4E9ADD531C7BC63AF2815311 /* Pods_GimmeTests.framework */ = {isa = PBXFileReference; explicitFileType = wrapper.framework; includeInIndex = 0; path = Pods_GimmeTests.framework; sourceTree = BUILT_PRODUCTS_DIR; };
		54B641ECE8775E3A51DEF0D5 /* Pods_Gimme.framework */ = {isa = PBXFileReference; explicitFileType = wrapper.framework; includeInIndex = 0; path = Pods_Gimme.framework; sourceTree = BUILT_PRODUCTS_DIR; };
		5AF770AD12201E6AD6CFF231 /* Pods-GimmeUITests.release.xcconfig */ = {isa = PBXFileReference; includeInIndex = 1; lastKnownFileType = text.xcconfig; name = "Pods-GimmeUITests.release.xcconfig"; path = "Target Support Files/Pods-GimmeUITests/Pods-GimmeUITests.release.xcconfig"; sourceTree = "<group>"; };
		E4CD6BAB245597CE00559EF2 /* Structures.swift */ = {isa = PBXFileReference; lastKnownFileType = sourcecode.swift; path = Structures.swift; sourceTree = SOURCE_ROOT; };
		E4CD6BAD2455980900559EF2 /* User.swift */ = {isa = PBXFileReference; lastKnownFileType = sourcecode.swift; path = User.swift; sourceTree = SOURCE_ROOT; };
		E4CD6BAF2455982D00559EF2 /* Giveaway.swift */ = {isa = PBXFileReference; lastKnownFileType = sourcecode.swift; path = Giveaway.swift; sourceTree = SOURCE_ROOT; };
		E4CD6BB12455985800559EF2 /* FeedData.swift */ = {isa = PBXFileReference; lastKnownFileType = sourcecode.swift; path = FeedData.swift; sourceTree = SOURCE_ROOT; };
		E4CD6BB32455987800559EF2 /* DummyData.swift */ = {isa = PBXFileReference; lastKnownFileType = sourcecode.swift; path = DummyData.swift; sourceTree = SOURCE_ROOT; };
		F4E1F0EDDF5EF94D1C8FDF26 /* Pods-GimmeUITests.debug.xcconfig */ = {isa = PBXFileReference; includeInIndex = 1; lastKnownFileType = text.xcconfig; name = "Pods-GimmeUITests.debug.xcconfig"; path = "Target Support Files/Pods-GimmeUITests/Pods-GimmeUITests.debug.xcconfig"; sourceTree = "<group>"; };
		F72FBF9B245588A900055797 /* Asset 6.svg */ = {isa = PBXFileReference; fileEncoding = 4; lastKnownFileType = text; path = "Asset 6.svg"; sourceTree = "<group>"; };
		F72FBF9C245588A900055797 /* Asset 4.svg */ = {isa = PBXFileReference; fileEncoding = 4; lastKnownFileType = text; path = "Asset 4.svg"; sourceTree = "<group>"; };
		F72FBF9D245588A900055797 /* Asset 5.svg */ = {isa = PBXFileReference; fileEncoding = 4; lastKnownFileType = text; path = "Asset 5.svg"; sourceTree = "<group>"; };
		F72FBF9E245588A900055797 /* Asset 1.svg */ = {isa = PBXFileReference; fileEncoding = 4; lastKnownFileType = text; path = "Asset 1.svg"; sourceTree = "<group>"; };
		F72FBF9F245588A900055797 /* Asset 2.svg */ = {isa = PBXFileReference; fileEncoding = 4; lastKnownFileType = text; path = "Asset 2.svg"; sourceTree = "<group>"; };
		F72FBFA0245588A900055797 /* Asset 3.svg */ = {isa = PBXFileReference; fileEncoding = 4; lastKnownFileType = text; path = "Asset 3.svg"; sourceTree = "<group>"; };
		F72FBFA2245588A900055797 /* Asset 5@3x.png */ = {isa = PBXFileReference; lastKnownFileType = image.png; path = "Asset 5@3x.png"; sourceTree = "<group>"; };
		F72FBFA3245588A900055797 /* Asset 1@3x.png */ = {isa = PBXFileReference; lastKnownFileType = image.png; path = "Asset 1@3x.png"; sourceTree = "<group>"; };
		F72FBFA4245588A900055797 /* Asset 3@3x.png */ = {isa = PBXFileReference; lastKnownFileType = image.png; path = "Asset 3@3x.png"; sourceTree = "<group>"; };
		F72FBFA5245588A900055797 /* Asset 6@3x.png */ = {isa = PBXFileReference; lastKnownFileType = image.png; path = "Asset 6@3x.png"; sourceTree = "<group>"; };
		F72FBFA6245588A900055797 /* Asset 4@3x.png */ = {isa = PBXFileReference; lastKnownFileType = image.png; path = "Asset 4@3x.png"; sourceTree = "<group>"; };
		F72FBFA7245588A900055797 /* Asset 2@3x.png */ = {isa = PBXFileReference; lastKnownFileType = image.png; path = "Asset 2@3x.png"; sourceTree = "<group>"; };
		F72FBFA8245588A900055797 /* Paypal-Logo-2015.png */ = {isa = PBXFileReference; lastKnownFileType = image.png; path = "Paypal-Logo-2015.png"; sourceTree = "<group>"; };
		F72FBFAA245588A900055797 /* Asset 5@2x.png */ = {isa = PBXFileReference; lastKnownFileType = image.png; path = "Asset 5@2x.png"; sourceTree = "<group>"; };
		F72FBFAB245588A900055797 /* Asset 3@2x.png */ = {isa = PBXFileReference; lastKnownFileType = image.png; path = "Asset 3@2x.png"; sourceTree = "<group>"; };
		F72FBFAC245588A900055797 /* Asset 1@x2.png */ = {isa = PBXFileReference; lastKnownFileType = image.png; path = "Asset 1@x2.png"; sourceTree = "<group>"; };
		F72FBFAD245588A900055797 /* Asset 4@2x.png */ = {isa = PBXFileReference; lastKnownFileType = image.png; path = "Asset 4@2x.png"; sourceTree = "<group>"; };
		F72FBFAE245588A900055797 /* Asset 6@2x.png */ = {isa = PBXFileReference; lastKnownFileType = image.png; path = "Asset 6@2x.png"; sourceTree = "<group>"; };
		F72FBFAF245588A900055797 /* Asset 2@2x.png */ = {isa = PBXFileReference; lastKnownFileType = image.png; path = "Asset 2@2x.png"; sourceTree = "<group>"; };
		F72FBFB1245588A900055797 /* Asset 3.png */ = {isa = PBXFileReference; lastKnownFileType = image.png; path = "Asset 3.png"; sourceTree = "<group>"; };
		F72FBFB2245588A900055797 /* Asset 2.png */ = {isa = PBXFileReference; lastKnownFileType = image.png; path = "Asset 2.png"; sourceTree = "<group>"; };
		F72FBFB3245588A900055797 /* Asset 1.png */ = {isa = PBXFileReference; lastKnownFileType = image.png; path = "Asset 1.png"; sourceTree = "<group>"; };
		F72FBFB4245588A900055797 /* Asset 5.png */ = {isa = PBXFileReference; lastKnownFileType = image.png; path = "Asset 5.png"; sourceTree = "<group>"; };
		F72FBFB5245588A900055797 /* Asset 4.png */ = {isa = PBXFileReference; lastKnownFileType = image.png; path = "Asset 4.png"; sourceTree = "<group>"; };
		F72FBFB6245588A900055797 /* Asset 6.png */ = {isa = PBXFileReference; lastKnownFileType = image.png; path = "Asset 6.png"; sourceTree = "<group>"; };
		F72FBFD02455900400055797 /* ProfileViewController.swift */ = {isa = PBXFileReference; lastKnownFileType = sourcecode.swift; path = ProfileViewController.swift; sourceTree = "<group>"; };
		F72FBFD2245592BD00055797 /* TrendingViewController.swift */ = {isa = PBXFileReference; lastKnownFileType = sourcecode.swift; path = TrendingViewController.swift; sourceTree = "<group>"; };
		F72FBFD42455984600055797 /* Comment.png */ = {isa = PBXFileReference; lastKnownFileType = image.png; path = Comment.png; sourceTree = "<group>"; };
		F72FBFD52455984600055797 /* Expand.png */ = {isa = PBXFileReference; lastKnownFileType = image.png; path = Expand.png; sourceTree = "<group>"; };
		F72FBFD62455984700055797 /* Join.png */ = {isa = PBXFileReference; lastKnownFileType = image.png; path = Join.png; sourceTree = "<group>"; };
		F72FBFDA24559BD800055797 /* tony.png */ = {isa = PBXFileReference; lastKnownFileType = image.png; path = tony.png; sourceTree = "<group>"; };
		F756BBB324543FED00047666 /* Gimme.app */ = {isa = PBXFileReference; explicitFileType = wrapper.application; includeInIndex = 0; path = Gimme.app; sourceTree = BUILT_PRODUCTS_DIR; };
		F756BBB624543FED00047666 /* AppDelegate.swift */ = {isa = PBXFileReference; lastKnownFileType = sourcecode.swift; path = AppDelegate.swift; sourceTree = "<group>"; };
		F756BBBB24543FED00047666 /* Gimme.xcdatamodel */ = {isa = PBXFileReference; lastKnownFileType = wrapper.xcdatamodel; path = Gimme.xcdatamodel; sourceTree = "<group>"; };
		F756BBBF24543FEE00047666 /* Assets.xcassets */ = {isa = PBXFileReference; lastKnownFileType = folder.assetcatalog; path = Assets.xcassets; sourceTree = "<group>"; };
		F756BBC224543FEE00047666 /* Preview Assets.xcassets */ = {isa = PBXFileReference; lastKnownFileType = folder.assetcatalog; path = "Preview Assets.xcassets"; sourceTree = "<group>"; };
		F756BBC524543FEE00047666 /* Base */ = {isa = PBXFileReference; lastKnownFileType = file.storyboard; name = Base; path = Base.lproj/LaunchScreen.storyboard; sourceTree = "<group>"; };
		F756BBC724543FEE00047666 /* Info.plist */ = {isa = PBXFileReference; lastKnownFileType = text.plist.xml; path = Info.plist; sourceTree = "<group>"; };
		F756BBCC24543FEF00047666 /* GimmeTests.xctest */ = {isa = PBXFileReference; explicitFileType = wrapper.cfbundle; includeInIndex = 0; path = GimmeTests.xctest; sourceTree = BUILT_PRODUCTS_DIR; };
		F756BBD024543FEF00047666 /* GimmeTests.swift */ = {isa = PBXFileReference; lastKnownFileType = sourcecode.swift; path = GimmeTests.swift; sourceTree = "<group>"; };
		F756BBD224543FEF00047666 /* Info.plist */ = {isa = PBXFileReference; lastKnownFileType = text.plist.xml; path = Info.plist; sourceTree = "<group>"; };
		F756BBD724543FEF00047666 /* GimmeUITests.xctest */ = {isa = PBXFileReference; explicitFileType = wrapper.cfbundle; includeInIndex = 0; path = GimmeUITests.xctest; sourceTree = BUILT_PRODUCTS_DIR; };
		F756BBDB24543FEF00047666 /* GimmeUITests.swift */ = {isa = PBXFileReference; lastKnownFileType = sourcecode.swift; path = GimmeUITests.swift; sourceTree = "<group>"; };
		F756BBDD24543FEF00047666 /* Info.plist */ = {isa = PBXFileReference; lastKnownFileType = text.plist.xml; path = Info.plist; sourceTree = "<group>"; };
		F756BBE9245440A400047666 /* GoogleService-Info.plist */ = {isa = PBXFileReference; fileEncoding = 4; lastKnownFileType = text.plist.xml; name = "GoogleService-Info.plist"; path = "../../../GoogleService-Info.plist"; sourceTree = "<group>"; };
		F7B32A992454983D009D349A /* Main.storyboard */ = {isa = PBXFileReference; lastKnownFileType = file.storyboard; path = Main.storyboard; sourceTree = "<group>"; };
		F7B32A9B2454A29A009D349A /* LandingViewController.swift */ = {isa = PBXFileReference; lastKnownFileType = sourcecode.swift; path = LandingViewController.swift; sourceTree = "<group>"; };
		F7B32A9D2454B05A009D349A /* SignUpViewController.swift */ = {isa = PBXFileReference; lastKnownFileType = sourcecode.swift; path = SignUpViewController.swift; sourceTree = "<group>"; };
		F7B32A9F2454B071009D349A /* LoginViewController.swift */ = {isa = PBXFileReference; lastKnownFileType = sourcecode.swift; path = LoginViewController.swift; sourceTree = "<group>"; };
		F7B32AA52454DAA5009D349A /* CommentTableViewCell.swift */ = {isa = PBXFileReference; lastKnownFileType = sourcecode.swift; path = CommentTableViewCell.swift; sourceTree = "<group>"; };
		F7B32AA72454DBBF009D349A /* NotificationTableViewCell.swift */ = {isa = PBXFileReference; lastKnownFileType = sourcecode.swift; path = NotificationTableViewCell.swift; sourceTree = "<group>"; };
		F7B32AA92455204F009D349A /* FeedPostTableViewCell.swift */ = {isa = PBXFileReference; lastKnownFileType = sourcecode.swift; path = FeedPostTableViewCell.swift; sourceTree = "<group>"; };
		F7B32AAA2455204F009D349A /* FeedPostTableViewCell.xib */ = {isa = PBXFileReference; lastKnownFileType = file.xib; path = FeedPostTableViewCell.xib; sourceTree = "<group>"; };
		F7B32AAF245531AC009D349A /* FeedTableViewController.swift */ = {isa = PBXFileReference; lastKnownFileType = sourcecode.swift; name = FeedTableViewController.swift; path = /Users/stephenboyle/Desktop/CalHacks/Gimme/Gimme/ViewController/FeedTableViewController.swift; sourceTree = "<absolute>"; };
		F7B32AB1245533AA009D349A /* CreateGiveawayViewController.swift */ = {isa = PBXFileReference; lastKnownFileType = sourcecode.swift; path = CreateGiveawayViewController.swift; sourceTree = "<group>"; };
		FD26505B427C1F7A2F3E6D81 /* Pods-GimmeTests.debug.xcconfig */ = {isa = PBXFileReference; includeInIndex = 1; lastKnownFileType = text.xcconfig; name = "Pods-GimmeTests.debug.xcconfig"; path = "Target Support Files/Pods-GimmeTests/Pods-GimmeTests.debug.xcconfig"; sourceTree = "<group>"; };
		FDBCE512069375C008A3DA39 /* Pods_GimmeUITests.framework */ = {isa = PBXFileReference; explicitFileType = wrapper.framework; includeInIndex = 0; path = Pods_GimmeUITests.framework; sourceTree = BUILT_PRODUCTS_DIR; };
/* End PBXFileReference section */

/* Begin PBXFrameworksBuildPhase section */
		F756BBB024543FED00047666 /* Frameworks */ = {
			isa = PBXFrameworksBuildPhase;
			buildActionMask = 2147483647;
			files = (
				C64BC3DC952FF3C44640718B /* Pods_Gimme.framework in Frameworks */,
			);
			runOnlyForDeploymentPostprocessing = 0;
		};
		F756BBC924543FEF00047666 /* Frameworks */ = {
			isa = PBXFrameworksBuildPhase;
			buildActionMask = 2147483647;
			files = (
				A98A49BCCB144603CA4CB74A /* Pods_GimmeTests.framework in Frameworks */,
			);
			runOnlyForDeploymentPostprocessing = 0;
		};
		F756BBD424543FEF00047666 /* Frameworks */ = {
			isa = PBXFrameworksBuildPhase;
			buildActionMask = 2147483647;
			files = (
				029C302B1E80831D0F30AF26 /* Pods_GimmeUITests.framework in Frameworks */,
			);
			runOnlyForDeploymentPostprocessing = 0;
		};
/* End PBXFrameworksBuildPhase section */

/* Begin PBXGroup section */
		831268274200C5A80A967132 /* Frameworks */ = {
			isa = PBXGroup;
			children = (
				54B641ECE8775E3A51DEF0D5 /* Pods_Gimme.framework */,
				4E9ADD531C7BC63AF2815311 /* Pods_GimmeTests.framework */,
				FDBCE512069375C008A3DA39 /* Pods_GimmeUITests.framework */,
			);
			name = Frameworks;
			sourceTree = "<group>";
		};
		E244CB41BEB349C9BFA49330 /* Pods */ = {
			isa = PBXGroup;
			children = (
				3AE71A2C07E85920EBBAF379 /* Pods-Gimme.debug.xcconfig */,
				34D40E8B8097A743008D6096 /* Pods-Gimme.release.xcconfig */,
				FD26505B427C1F7A2F3E6D81 /* Pods-GimmeTests.debug.xcconfig */,
				1780ED9871DD42BF9AC60C52 /* Pods-GimmeTests.release.xcconfig */,
				F4E1F0EDDF5EF94D1C8FDF26 /* Pods-GimmeUITests.debug.xcconfig */,
				5AF770AD12201E6AD6CFF231 /* Pods-GimmeUITests.release.xcconfig */,
			);
			path = Pods;
			sourceTree = "<group>";
		};
		F72FBF99245588A900055797 /* Images */ = {
			isa = PBXGroup;
			children = (
				F72FBFD42455984600055797 /* Comment.png */,
				F72FBFDA24559BD800055797 /* tony.png */,
				F72FBFD52455984600055797 /* Expand.png */,
				F72FBFD62455984700055797 /* Join.png */,
				F72FBF9A245588A900055797 /* SVG */,
				F72FBFA1245588A900055797 /* 3x */,
				F72FBFA8245588A900055797 /* Paypal-Logo-2015.png */,
				F72FBFA9245588A900055797 /* 2x */,
				F72FBFB0245588A900055797 /* 1x */,
			);
			path = Images;
			sourceTree = SOURCE_ROOT;
		};
		F72FBF9A245588A900055797 /* SVG */ = {
			isa = PBXGroup;
			children = (
				F72FBF9B245588A900055797 /* Asset 6.svg */,
				F72FBF9C245588A900055797 /* Asset 4.svg */,
				F72FBF9D245588A900055797 /* Asset 5.svg */,
				F72FBF9E245588A900055797 /* Asset 1.svg */,
				F72FBF9F245588A900055797 /* Asset 2.svg */,
				F72FBFA0245588A900055797 /* Asset 3.svg */,
			);
			path = SVG;
			sourceTree = "<group>";
		};
		F72FBFA1245588A900055797 /* 3x */ = {
			isa = PBXGroup;
			children = (
				F72FBFA2245588A900055797 /* Asset 5@3x.png */,
				F72FBFA3245588A900055797 /* Asset 1@3x.png */,
				F72FBFA4245588A900055797 /* Asset 3@3x.png */,
				F72FBFA5245588A900055797 /* Asset 6@3x.png */,
				F72FBFA6245588A900055797 /* Asset 4@3x.png */,
				F72FBFA7245588A900055797 /* Asset 2@3x.png */,
			);
			path = 3x;
			sourceTree = "<group>";
		};
		F72FBFA9245588A900055797 /* 2x */ = {
			isa = PBXGroup;
			children = (
				F72FBFAA245588A900055797 /* Asset 5@2x.png */,
				F72FBFAB245588A900055797 /* Asset 3@2x.png */,
				F72FBFAC245588A900055797 /* Asset 1@x2.png */,
				F72FBFAD245588A900055797 /* Asset 4@2x.png */,
				F72FBFAE245588A900055797 /* Asset 6@2x.png */,
				F72FBFAF245588A900055797 /* Asset 2@2x.png */,
			);
			path = 2x;
			sourceTree = "<group>";
		};
		F72FBFB0245588A900055797 /* 1x */ = {
			isa = PBXGroup;
			children = (
				F72FBFB1245588A900055797 /* Asset 3.png */,
				F72FBFB2245588A900055797 /* Asset 2.png */,
				F72FBFB3245588A900055797 /* Asset 1.png */,
				F72FBFB4245588A900055797 /* Asset 5.png */,
				F72FBFB5245588A900055797 /* Asset 4.png */,
				F72FBFB6245588A900055797 /* Asset 6.png */,
			);
			path = 1x;
			sourceTree = "<group>";
		};
		F756BBAA24543FED00047666 = {
			isa = PBXGroup;
			children = (
				F756BBB524543FED00047666 /* Gimme */,
				F756BBCF24543FEF00047666 /* GimmeTests */,
				F756BBDA24543FEF00047666 /* GimmeUITests */,
				F756BBB424543FED00047666 /* Products */,
				E244CB41BEB349C9BFA49330 /* Pods */,
				831268274200C5A80A967132 /* Frameworks */,
			);
			sourceTree = "<group>";
		};
		F756BBB424543FED00047666 /* Products */ = {
			isa = PBXGroup;
			children = (
				F756BBB324543FED00047666 /* Gimme.app */,
				F756BBCC24543FEF00047666 /* GimmeTests.xctest */,
				F756BBD724543FEF00047666 /* GimmeUITests.xctest */,
			);
			name = Products;
			sourceTree = "<group>";
		};
		F756BBB524543FED00047666 /* Gimme */ = {
			isa = PBXGroup;
			children = (
				F72FBF99245588A900055797 /* Images */,
				F7FC9B832454932E00904091 /* Model */,
				F756BBB624543FED00047666 /* AppDelegate.swift */,
				F7B32A992454983D009D349A /* Main.storyboard */,
				F7FC9B842454933D00904091 /* ViewController */,
				F756BBBF24543FEE00047666 /* Assets.xcassets */,
				F756BBC424543FEE00047666 /* LaunchScreen.storyboard */,
				F756BBC724543FEE00047666 /* Info.plist */,
				F756BBE9245440A400047666 /* GoogleService-Info.plist */,
				F756BBBA24543FED00047666 /* Gimme.xcdatamodeld */,
				F756BBC124543FEE00047666 /* Preview Content */,
			);
			path = Gimme;
			sourceTree = "<group>";
		};
		F756BBC124543FEE00047666 /* Preview Content */ = {
			isa = PBXGroup;
			children = (
				F756BBC224543FEE00047666 /* Preview Assets.xcassets */,
			);
			path = "Preview Content";
			sourceTree = "<group>";
		};
		F756BBCF24543FEF00047666 /* GimmeTests */ = {
			isa = PBXGroup;
			children = (
				F756BBD024543FEF00047666 /* GimmeTests.swift */,
				F756BBD224543FEF00047666 /* Info.plist */,
			);
			path = GimmeTests;
			sourceTree = "<group>";
		};
		F756BBDA24543FEF00047666 /* GimmeUITests */ = {
			isa = PBXGroup;
			children = (
				F756BBDB24543FEF00047666 /* GimmeUITests.swift */,
				F756BBDD24543FEF00047666 /* Info.plist */,
			);
			path = GimmeUITests;
			sourceTree = "<group>";
		};
		F7FC9B832454932E00904091 /* Model */ = {
			isa = PBXGroup;
			children = (
				E4CD6BAB245597CE00559EF2 /* Structures.swift */,
				E4CD6BAD2455980900559EF2 /* User.swift */,
				E4CD6BAF2455982D00559EF2 /* Giveaway.swift */,
				E4CD6BB12455985800559EF2 /* FeedData.swift */,
				E4CD6BB32455987800559EF2 /* DummyData.swift */,
			);
			path = Model;
			sourceTree = "<group>";
		};
		F7FC9B842454933D00904091 /* ViewController */ = {
			isa = PBXGroup;
			children = (
				F7B32AAF245531AC009D349A /* FeedTableViewController.swift */,
				F72FBFD02455900400055797 /* ProfileViewController.swift */,
				F7B32A9B2454A29A009D349A /* LandingViewController.swift */,
				F7B32AA92455204F009D349A /* FeedPostTableViewCell.swift */,
				F7B32AAA2455204F009D349A /* FeedPostTableViewCell.xib */,
				F7B32A9F2454B071009D349A /* LoginViewController.swift */,
				F7B32A9D2454B05A009D349A /* SignUpViewController.swift */,
				F7B32AA52454DAA5009D349A /* CommentTableViewCell.swift */,
				F7B32AA72454DBBF009D349A /* NotificationTableViewCell.swift */,
				F7B32AB1245533AA009D349A /* CreateGiveawayViewController.swift */,
				F72FBFD2245592BD00055797 /* TrendingViewController.swift */,
			);
			path = ViewController;
			sourceTree = "<group>";
		};
/* End PBXGroup section */

/* Begin PBXNativeTarget section */
		F756BBB224543FED00047666 /* Gimme */ = {
			isa = PBXNativeTarget;
			buildConfigurationList = F756BBE024543FEF00047666 /* Build configuration list for PBXNativeTarget "Gimme" */;
			buildPhases = (
				1C5961FE222F9885BA37B549 /* [CP] Check Pods Manifest.lock */,
				F756BBAF24543FED00047666 /* Sources */,
				F756BBB024543FED00047666 /* Frameworks */,
				F756BBB124543FED00047666 /* Resources */,
				9CF11738C31404541E1A41C8 /* [CP] Embed Pods Frameworks */,
			);
			buildRules = (
			);
			dependencies = (
			);
			name = Gimme;
			productName = Gimme;
			productReference = F756BBB324543FED00047666 /* Gimme.app */;
			productType = "com.apple.product-type.application";
		};
		F756BBCB24543FEF00047666 /* GimmeTests */ = {
			isa = PBXNativeTarget;
			buildConfigurationList = F756BBE324543FEF00047666 /* Build configuration list for PBXNativeTarget "GimmeTests" */;
			buildPhases = (
				D4F1C6DC65A5737577717C1B /* [CP] Check Pods Manifest.lock */,
				F756BBC824543FEF00047666 /* Sources */,
				F756BBC924543FEF00047666 /* Frameworks */,
				F756BBCA24543FEF00047666 /* Resources */,
			);
			buildRules = (
			);
			dependencies = (
				F756BBCE24543FEF00047666 /* PBXTargetDependency */,
			);
			name = GimmeTests;
			productName = GimmeTests;
			productReference = F756BBCC24543FEF00047666 /* GimmeTests.xctest */;
			productType = "com.apple.product-type.bundle.unit-test";
		};
		F756BBD624543FEF00047666 /* GimmeUITests */ = {
			isa = PBXNativeTarget;
			buildConfigurationList = F756BBE624543FEF00047666 /* Build configuration list for PBXNativeTarget "GimmeUITests" */;
			buildPhases = (
				0E366546DF1875681D158185 /* [CP] Check Pods Manifest.lock */,
				F756BBD324543FEF00047666 /* Sources */,
				F756BBD424543FEF00047666 /* Frameworks */,
				F756BBD524543FEF00047666 /* Resources */,
			);
			buildRules = (
			);
			dependencies = (
				F756BBD924543FEF00047666 /* PBXTargetDependency */,
			);
			name = GimmeUITests;
			productName = GimmeUITests;
			productReference = F756BBD724543FEF00047666 /* GimmeUITests.xctest */;
			productType = "com.apple.product-type.bundle.ui-testing";
		};
/* End PBXNativeTarget section */

/* Begin PBXProject section */
		F756BBAB24543FED00047666 /* Project object */ = {
			isa = PBXProject;
			attributes = {
				LastSwiftUpdateCheck = 1130;
				LastUpgradeCheck = 1130;
				ORGANIZATIONNAME = "Stephen Boyle";
				TargetAttributes = {
					F756BBB224543FED00047666 = {
						CreatedOnToolsVersion = 11.3.1;
					};
					F756BBCB24543FEF00047666 = {
						CreatedOnToolsVersion = 11.3.1;
						TestTargetID = F756BBB224543FED00047666;
					};
					F756BBD624543FEF00047666 = {
						CreatedOnToolsVersion = 11.3.1;
						TestTargetID = F756BBB224543FED00047666;
					};
				};
			};
			buildConfigurationList = F756BBAE24543FED00047666 /* Build configuration list for PBXProject "Gimme" */;
			compatibilityVersion = "Xcode 9.3";
			developmentRegion = en;
			hasScannedForEncodings = 0;
			knownRegions = (
				en,
				Base,
			);
			mainGroup = F756BBAA24543FED00047666;
			productRefGroup = F756BBB424543FED00047666 /* Products */;
			projectDirPath = "";
			projectRoot = "";
			targets = (
				F756BBB224543FED00047666 /* Gimme */,
				F756BBCB24543FEF00047666 /* GimmeTests */,
				F756BBD624543FEF00047666 /* GimmeUITests */,
			);
		};
/* End PBXProject section */

/* Begin PBXResourcesBuildPhase section */
		F756BBB124543FED00047666 /* Resources */ = {
			isa = PBXResourcesBuildPhase;
			buildActionMask = 2147483647;
			files = (
				F72FBFBC245588A900055797 /* Asset 3.svg in Resources */,
				F72FBFB9245588A900055797 /* Asset 5.svg in Resources */,
				F72FBFC2245588A900055797 /* Asset 2@3x.png in Resources */,
				F72FBFC0245588A900055797 /* Asset 6@3x.png in Resources */,
				F72FBFC9245588A900055797 /* Asset 2@2x.png in Resources */,
				F72FBFCA245588A900055797 /* Asset 3.png in Resources */,
				F72FBFCE245588A900055797 /* Asset 4.png in Resources */,
				F756BBC624543FEE00047666 /* LaunchScreen.storyboard in Resources */,
				F7B32AAC2455204F009D349A /* FeedPostTableViewCell.xib in Resources */,
				F72FBFC5245588A900055797 /* Asset 3@2x.png in Resources */,
				F7B32A9A2454983D009D349A /* Main.storyboard in Resources */,
				F72FBFD92455984700055797 /* Join.png in Resources */,
				F72FBFCD245588A900055797 /* Asset 5.png in Resources */,
				F756BBEA245440A400047666 /* GoogleService-Info.plist in Resources */,
				F72FBFC8245588A900055797 /* Asset 6@2x.png in Resources */,
				F72FBFCB245588A900055797 /* Asset 2.png in Resources */,
				F72FBFB7245588A900055797 /* Asset 6.svg in Resources */,
				F72FBFC6245588A900055797 /* Asset 1@x2.png in Resources */,
				F72FBFD72455984700055797 /* Comment.png in Resources */,
				F72FBFC7245588A900055797 /* Asset 4@2x.png in Resources */,
				F72FBFC3245588A900055797 /* Paypal-Logo-2015.png in Resources */,
				F72FBFBE245588A900055797 /* Asset 1@3x.png in Resources */,
				F72FBFBD245588A900055797 /* Asset 5@3x.png in Resources */,
				F72FBFBA245588A900055797 /* Asset 1.svg in Resources */,
				F72FBFC1245588A900055797 /* Asset 4@3x.png in Resources */,
				F72FBFBB245588A900055797 /* Asset 2.svg in Resources */,
				F72FBFDB24559BD800055797 /* tony.png in Resources */,
				F72FBFB8245588A900055797 /* Asset 4.svg in Resources */,
				F72FBFCC245588A900055797 /* Asset 1.png in Resources */,
				F72FBFC4245588A900055797 /* Asset 5@2x.png in Resources */,
				F72FBFCF245588A900055797 /* Asset 6.png in Resources */,
				F756BBC324543FEE00047666 /* Preview Assets.xcassets in Resources */,
				F72FBFD82455984700055797 /* Expand.png in Resources */,
				F72FBFBF245588A900055797 /* Asset 3@3x.png in Resources */,
				F756BBC024543FEE00047666 /* Assets.xcassets in Resources */,
			);
			runOnlyForDeploymentPostprocessing = 0;
		};
		F756BBCA24543FEF00047666 /* Resources */ = {
			isa = PBXResourcesBuildPhase;
			buildActionMask = 2147483647;
			files = (
			);
			runOnlyForDeploymentPostprocessing = 0;
		};
		F756BBD524543FEF00047666 /* Resources */ = {
			isa = PBXResourcesBuildPhase;
			buildActionMask = 2147483647;
			files = (
			);
			runOnlyForDeploymentPostprocessing = 0;
		};
/* End PBXResourcesBuildPhase section */

/* Begin PBXShellScriptBuildPhase section */
		0E366546DF1875681D158185 /* [CP] Check Pods Manifest.lock */ = {
			isa = PBXShellScriptBuildPhase;
			buildActionMask = 2147483647;
			files = (
			);
			inputFileListPaths = (
			);
			inputPaths = (
				"${PODS_PODFILE_DIR_PATH}/Podfile.lock",
				"${PODS_ROOT}/Manifest.lock",
			);
			name = "[CP] Check Pods Manifest.lock";
			outputFileListPaths = (
			);
			outputPaths = (
				"$(DERIVED_FILE_DIR)/Pods-GimmeUITests-checkManifestLockResult.txt",
			);
			runOnlyForDeploymentPostprocessing = 0;
			shellPath = /bin/sh;
			shellScript = "diff \"${PODS_PODFILE_DIR_PATH}/Podfile.lock\" \"${PODS_ROOT}/Manifest.lock\" > /dev/null\nif [ $? != 0 ] ; then\n    # print error to STDERR\n    echo \"error: The sandbox is not in sync with the Podfile.lock. Run 'pod install' or update your CocoaPods installation.\" >&2\n    exit 1\nfi\n# This output is used by Xcode 'outputs' to avoid re-running this script phase.\necho \"SUCCESS\" > \"${SCRIPT_OUTPUT_FILE_0}\"\n";
			showEnvVarsInLog = 0;
		};
		1C5961FE222F9885BA37B549 /* [CP] Check Pods Manifest.lock */ = {
			isa = PBXShellScriptBuildPhase;
			buildActionMask = 2147483647;
			files = (
			);
			inputFileListPaths = (
			);
			inputPaths = (
				"${PODS_PODFILE_DIR_PATH}/Podfile.lock",
				"${PODS_ROOT}/Manifest.lock",
			);
			name = "[CP] Check Pods Manifest.lock";
			outputFileListPaths = (
			);
			outputPaths = (
				"$(DERIVED_FILE_DIR)/Pods-Gimme-checkManifestLockResult.txt",
			);
			runOnlyForDeploymentPostprocessing = 0;
			shellPath = /bin/sh;
			shellScript = "diff \"${PODS_PODFILE_DIR_PATH}/Podfile.lock\" \"${PODS_ROOT}/Manifest.lock\" > /dev/null\nif [ $? != 0 ] ; then\n    # print error to STDERR\n    echo \"error: The sandbox is not in sync with the Podfile.lock. Run 'pod install' or update your CocoaPods installation.\" >&2\n    exit 1\nfi\n# This output is used by Xcode 'outputs' to avoid re-running this script phase.\necho \"SUCCESS\" > \"${SCRIPT_OUTPUT_FILE_0}\"\n";
			showEnvVarsInLog = 0;
		};
		9CF11738C31404541E1A41C8 /* [CP] Embed Pods Frameworks */ = {
			isa = PBXShellScriptBuildPhase;
			buildActionMask = 2147483647;
			files = (
			);
			inputFileListPaths = (
				"${PODS_ROOT}/Target Support Files/Pods-Gimme/Pods-Gimme-frameworks-${CONFIGURATION}-input-files.xcfilelist",
			);
			name = "[CP] Embed Pods Frameworks";
			outputFileListPaths = (
				"${PODS_ROOT}/Target Support Files/Pods-Gimme/Pods-Gimme-frameworks-${CONFIGURATION}-output-files.xcfilelist",
			);
			runOnlyForDeploymentPostprocessing = 0;
			shellPath = /bin/sh;
			shellScript = "\"${PODS_ROOT}/Target Support Files/Pods-Gimme/Pods-Gimme-frameworks.sh\"\n";
			showEnvVarsInLog = 0;
		};
		D4F1C6DC65A5737577717C1B /* [CP] Check Pods Manifest.lock */ = {
			isa = PBXShellScriptBuildPhase;
			buildActionMask = 2147483647;
			files = (
			);
			inputFileListPaths = (
			);
			inputPaths = (
				"${PODS_PODFILE_DIR_PATH}/Podfile.lock",
				"${PODS_ROOT}/Manifest.lock",
			);
			name = "[CP] Check Pods Manifest.lock";
			outputFileListPaths = (
			);
			outputPaths = (
				"$(DERIVED_FILE_DIR)/Pods-GimmeTests-checkManifestLockResult.txt",
			);
			runOnlyForDeploymentPostprocessing = 0;
			shellPath = /bin/sh;
			shellScript = "diff \"${PODS_PODFILE_DIR_PATH}/Podfile.lock\" \"${PODS_ROOT}/Manifest.lock\" > /dev/null\nif [ $? != 0 ] ; then\n    # print error to STDERR\n    echo \"error: The sandbox is not in sync with the Podfile.lock. Run 'pod install' or update your CocoaPods installation.\" >&2\n    exit 1\nfi\n# This output is used by Xcode 'outputs' to avoid re-running this script phase.\necho \"SUCCESS\" > \"${SCRIPT_OUTPUT_FILE_0}\"\n";
			showEnvVarsInLog = 0;
		};
/* End PBXShellScriptBuildPhase section */

/* Begin PBXSourcesBuildPhase section */
		F756BBAF24543FED00047666 /* Sources */ = {
			isa = PBXSourcesBuildPhase;
			buildActionMask = 2147483647;
			files = (
				E4CD6BB02455982D00559EF2 /* Giveaway.swift in Sources */,
				F7B32AA82454DBBF009D349A /* NotificationTableViewCell.swift in Sources */,
				F7B32AA02454B071009D349A /* LoginViewController.swift in Sources */,
				E4CD6BAC245597CE00559EF2 /* Structures.swift in Sources */,
				F756BBBC24543FED00047666 /* Gimme.xcdatamodeld in Sources */,
				F72FBFD3245592BD00055797 /* TrendingViewController.swift in Sources */,
				F756BBB724543FED00047666 /* AppDelegate.swift in Sources */,
				E4CD6BB22455985800559EF2 /* FeedData.swift in Sources */,
				E4CD6BAE2455980900559EF2 /* User.swift in Sources */,
				F7B32AA62454DAA5009D349A /* CommentTableViewCell.swift in Sources */,
				F7B32A9C2454A29A009D349A /* LandingViewController.swift in Sources */,
				F72FBFD12455900400055797 /* ProfileViewController.swift in Sources */,
				F7B32AB0245531AC009D349A /* FeedTableViewController.swift in Sources */,
				F7B32A9E2454B05A009D349A /* SignUpViewController.swift in Sources */,
				F7B32AAB2455204F009D349A /* FeedPostTableViewCell.swift in Sources */,
				F7B32AB2245533AA009D349A /* CreateGiveawayViewController.swift in Sources */,
				E4CD6BB42455987800559EF2 /* DummyData.swift in Sources */,
			);
			runOnlyForDeploymentPostprocessing = 0;
		};
		F756BBC824543FEF00047666 /* Sources */ = {
			isa = PBXSourcesBuildPhase;
			buildActionMask = 2147483647;
			files = (
				F756BBD124543FEF00047666 /* GimmeTests.swift in Sources */,
			);
			runOnlyForDeploymentPostprocessing = 0;
		};
		F756BBD324543FEF00047666 /* Sources */ = {
			isa = PBXSourcesBuildPhase;
			buildActionMask = 2147483647;
			files = (
				F756BBDC24543FEF00047666 /* GimmeUITests.swift in Sources */,
			);
			runOnlyForDeploymentPostprocessing = 0;
		};
/* End PBXSourcesBuildPhase section */

/* Begin PBXTargetDependency section */
		F756BBCE24543FEF00047666 /* PBXTargetDependency */ = {
			isa = PBXTargetDependency;
			target = F756BBB224543FED00047666 /* Gimme */;
			targetProxy = F756BBCD24543FEF00047666 /* PBXContainerItemProxy */;
		};
		F756BBD924543FEF00047666 /* PBXTargetDependency */ = {
			isa = PBXTargetDependency;
			target = F756BBB224543FED00047666 /* Gimme */;
			targetProxy = F756BBD824543FEF00047666 /* PBXContainerItemProxy */;
		};
/* End PBXTargetDependency section */

/* Begin PBXVariantGroup section */
		F756BBC424543FEE00047666 /* LaunchScreen.storyboard */ = {
			isa = PBXVariantGroup;
			children = (
				F756BBC524543FEE00047666 /* Base */,
			);
			name = LaunchScreen.storyboard;
			sourceTree = "<group>";
		};
/* End PBXVariantGroup section */

/* Begin XCBuildConfiguration section */
		F756BBDE24543FEF00047666 /* Debug */ = {
			isa = XCBuildConfiguration;
			buildSettings = {
				ALWAYS_SEARCH_USER_PATHS = NO;
				CLANG_ANALYZER_NONNULL = YES;
				CLANG_ANALYZER_NUMBER_OBJECT_CONVERSION = YES_AGGRESSIVE;
				CLANG_CXX_LANGUAGE_STANDARD = "gnu++14";
				CLANG_CXX_LIBRARY = "libc++";
				CLANG_ENABLE_MODULES = YES;
				CLANG_ENABLE_OBJC_ARC = YES;
				CLANG_ENABLE_OBJC_WEAK = YES;
				CLANG_WARN_BLOCK_CAPTURE_AUTORELEASING = YES;
				CLANG_WARN_BOOL_CONVERSION = YES;
				CLANG_WARN_COMMA = YES;
				CLANG_WARN_CONSTANT_CONVERSION = YES;
				CLANG_WARN_DEPRECATED_OBJC_IMPLEMENTATIONS = YES;
				CLANG_WARN_DIRECT_OBJC_ISA_USAGE = YES_ERROR;
				CLANG_WARN_DOCUMENTATION_COMMENTS = YES;
				CLANG_WARN_EMPTY_BODY = YES;
				CLANG_WARN_ENUM_CONVERSION = YES;
				CLANG_WARN_INFINITE_RECURSION = YES;
				CLANG_WARN_INT_CONVERSION = YES;
				CLANG_WARN_NON_LITERAL_NULL_CONVERSION = YES;
				CLANG_WARN_OBJC_IMPLICIT_RETAIN_SELF = YES;
				CLANG_WARN_OBJC_LITERAL_CONVERSION = YES;
				CLANG_WARN_OBJC_ROOT_CLASS = YES_ERROR;
				CLANG_WARN_RANGE_LOOP_ANALYSIS = YES;
				CLANG_WARN_STRICT_PROTOTYPES = YES;
				CLANG_WARN_SUSPICIOUS_MOVE = YES;
				CLANG_WARN_UNGUARDED_AVAILABILITY = YES_AGGRESSIVE;
				CLANG_WARN_UNREACHABLE_CODE = YES;
				CLANG_WARN__DUPLICATE_METHOD_MATCH = YES;
				COPY_PHASE_STRIP = NO;
				DEBUG_INFORMATION_FORMAT = dwarf;
				ENABLE_STRICT_OBJC_MSGSEND = YES;
				ENABLE_TESTABILITY = YES;
				GCC_C_LANGUAGE_STANDARD = gnu11;
				GCC_DYNAMIC_NO_PIC = NO;
				GCC_NO_COMMON_BLOCKS = YES;
				GCC_OPTIMIZATION_LEVEL = 0;
				GCC_PREPROCESSOR_DEFINITIONS = (
					"DEBUG=1",
					"$(inherited)",
				);
				GCC_WARN_64_TO_32_BIT_CONVERSION = YES;
				GCC_WARN_ABOUT_RETURN_TYPE = YES_ERROR;
				GCC_WARN_UNDECLARED_SELECTOR = YES;
				GCC_WARN_UNINITIALIZED_AUTOS = YES_AGGRESSIVE;
				GCC_WARN_UNUSED_FUNCTION = YES;
				GCC_WARN_UNUSED_VARIABLE = YES;
				IPHONEOS_DEPLOYMENT_TARGET = 13.2;
				MTL_ENABLE_DEBUG_INFO = INCLUDE_SOURCE;
				MTL_FAST_MATH = YES;
				ONLY_ACTIVE_ARCH = YES;
				SDKROOT = iphoneos;
				SWIFT_ACTIVE_COMPILATION_CONDITIONS = DEBUG;
				SWIFT_OPTIMIZATION_LEVEL = "-Onone";
			};
			name = Debug;
		};
		F756BBDF24543FEF00047666 /* Release */ = {
			isa = XCBuildConfiguration;
			buildSettings = {
				ALWAYS_SEARCH_USER_PATHS = NO;
				CLANG_ANALYZER_NONNULL = YES;
				CLANG_ANALYZER_NUMBER_OBJECT_CONVERSION = YES_AGGRESSIVE;
				CLANG_CXX_LANGUAGE_STANDARD = "gnu++14";
				CLANG_CXX_LIBRARY = "libc++";
				CLANG_ENABLE_MODULES = YES;
				CLANG_ENABLE_OBJC_ARC = YES;
				CLANG_ENABLE_OBJC_WEAK = YES;
				CLANG_WARN_BLOCK_CAPTURE_AUTORELEASING = YES;
				CLANG_WARN_BOOL_CONVERSION = YES;
				CLANG_WARN_COMMA = YES;
				CLANG_WARN_CONSTANT_CONVERSION = YES;
				CLANG_WARN_DEPRECATED_OBJC_IMPLEMENTATIONS = YES;
				CLANG_WARN_DIRECT_OBJC_ISA_USAGE = YES_ERROR;
				CLANG_WARN_DOCUMENTATION_COMMENTS = YES;
				CLANG_WARN_EMPTY_BODY = YES;
				CLANG_WARN_ENUM_CONVERSION = YES;
				CLANG_WARN_INFINITE_RECURSION = YES;
				CLANG_WARN_INT_CONVERSION = YES;
				CLANG_WARN_NON_LITERAL_NULL_CONVERSION = YES;
				CLANG_WARN_OBJC_IMPLICIT_RETAIN_SELF = YES;
				CLANG_WARN_OBJC_LITERAL_CONVERSION = YES;
				CLANG_WARN_OBJC_ROOT_CLASS = YES_ERROR;
				CLANG_WARN_RANGE_LOOP_ANALYSIS = YES;
				CLANG_WARN_STRICT_PROTOTYPES = YES;
				CLANG_WARN_SUSPICIOUS_MOVE = YES;
				CLANG_WARN_UNGUARDED_AVAILABILITY = YES_AGGRESSIVE;
				CLANG_WARN_UNREACHABLE_CODE = YES;
				CLANG_WARN__DUPLICATE_METHOD_MATCH = YES;
				COPY_PHASE_STRIP = NO;
				DEBUG_INFORMATION_FORMAT = "dwarf-with-dsym";
				ENABLE_NS_ASSERTIONS = NO;
				ENABLE_STRICT_OBJC_MSGSEND = YES;
				GCC_C_LANGUAGE_STANDARD = gnu11;
				GCC_NO_COMMON_BLOCKS = YES;
				GCC_WARN_64_TO_32_BIT_CONVERSION = YES;
				GCC_WARN_ABOUT_RETURN_TYPE = YES_ERROR;
				GCC_WARN_UNDECLARED_SELECTOR = YES;
				GCC_WARN_UNINITIALIZED_AUTOS = YES_AGGRESSIVE;
				GCC_WARN_UNUSED_FUNCTION = YES;
				GCC_WARN_UNUSED_VARIABLE = YES;
				IPHONEOS_DEPLOYMENT_TARGET = 13.2;
				MTL_ENABLE_DEBUG_INFO = NO;
				MTL_FAST_MATH = YES;
				SDKROOT = iphoneos;
				SWIFT_COMPILATION_MODE = wholemodule;
				SWIFT_OPTIMIZATION_LEVEL = "-O";
				VALIDATE_PRODUCT = YES;
			};
			name = Release;
		};
		F756BBE124543FEF00047666 /* Debug */ = {
			isa = XCBuildConfiguration;
			baseConfigurationReference = 3AE71A2C07E85920EBBAF379 /* Pods-Gimme.debug.xcconfig */;
			buildSettings = {
				ASSETCATALOG_COMPILER_APPICON_NAME = AppIcon;
				CODE_SIGN_STYLE = Automatic;
				DEVELOPMENT_ASSET_PATHS = "\"Gimme/Preview Content\"";
				DEVELOPMENT_TEAM = SVZAHA84K9;
				ENABLE_PREVIEWS = YES;
				INFOPLIST_FILE = Gimme/Info.plist;
				LD_RUNPATH_SEARCH_PATHS = (
					"$(inherited)",
					"@executable_path/Frameworks",
				);
				PRODUCT_BUNDLE_IDENTIFIER = com.snboyle.Gimme;
				PRODUCT_NAME = "$(TARGET_NAME)";
				SWIFT_VERSION = 5.0;
				TARGETED_DEVICE_FAMILY = "1,2";
			};
			name = Debug;
		};
		F756BBE224543FEF00047666 /* Release */ = {
			isa = XCBuildConfiguration;
			baseConfigurationReference = 34D40E8B8097A743008D6096 /* Pods-Gimme.release.xcconfig */;
			buildSettings = {
				ASSETCATALOG_COMPILER_APPICON_NAME = AppIcon;
				CODE_SIGN_STYLE = Automatic;
				DEVELOPMENT_ASSET_PATHS = "\"Gimme/Preview Content\"";
				DEVELOPMENT_TEAM = SVZAHA84K9;
				ENABLE_PREVIEWS = YES;
				INFOPLIST_FILE = Gimme/Info.plist;
				LD_RUNPATH_SEARCH_PATHS = (
					"$(inherited)",
					"@executable_path/Frameworks",
				);
				PRODUCT_BUNDLE_IDENTIFIER = com.snboyle.Gimme;
				PRODUCT_NAME = "$(TARGET_NAME)";
				SWIFT_VERSION = 5.0;
				TARGETED_DEVICE_FAMILY = "1,2";
			};
			name = Release;
		};
		F756BBE424543FEF00047666 /* Debug */ = {
			isa = XCBuildConfiguration;
			baseConfigurationReference = FD26505B427C1F7A2F3E6D81 /* Pods-GimmeTests.debug.xcconfig */;
			buildSettings = {
				ALWAYS_EMBED_SWIFT_STANDARD_LIBRARIES = YES;
				BUNDLE_LOADER = "$(TEST_HOST)";
				CODE_SIGN_STYLE = Automatic;
				DEVELOPMENT_TEAM = SVZAHA84K9;
				INFOPLIST_FILE = GimmeTests/Info.plist;
				IPHONEOS_DEPLOYMENT_TARGET = 13.2;
				LD_RUNPATH_SEARCH_PATHS = (
					"$(inherited)",
					"@executable_path/Frameworks",
					"@loader_path/Frameworks",
				);
				PRODUCT_BUNDLE_IDENTIFIER = com.snboyle.GimmeTests;
				PRODUCT_NAME = "$(TARGET_NAME)";
				SWIFT_VERSION = 5.0;
				TARGETED_DEVICE_FAMILY = "1,2";
				TEST_HOST = "$(BUILT_PRODUCTS_DIR)/Gimme.app/Gimme";
			};
			name = Debug;
		};
		F756BBE524543FEF00047666 /* Release */ = {
			isa = XCBuildConfiguration;
			baseConfigurationReference = 1780ED9871DD42BF9AC60C52 /* Pods-GimmeTests.release.xcconfig */;
			buildSettings = {
				ALWAYS_EMBED_SWIFT_STANDARD_LIBRARIES = YES;
				BUNDLE_LOADER = "$(TEST_HOST)";
				CODE_SIGN_STYLE = Automatic;
				DEVELOPMENT_TEAM = SVZAHA84K9;
				INFOPLIST_FILE = GimmeTests/Info.plist;
				IPHONEOS_DEPLOYMENT_TARGET = 13.2;
				LD_RUNPATH_SEARCH_PATHS = (
					"$(inherited)",
					"@executable_path/Frameworks",
					"@loader_path/Frameworks",
				);
				PRODUCT_BUNDLE_IDENTIFIER = com.snboyle.GimmeTests;
				PRODUCT_NAME = "$(TARGET_NAME)";
				SWIFT_VERSION = 5.0;
				TARGETED_DEVICE_FAMILY = "1,2";
				TEST_HOST = "$(BUILT_PRODUCTS_DIR)/Gimme.app/Gimme";
			};
			name = Release;
		};
		F756BBE724543FEF00047666 /* Debug */ = {
			isa = XCBuildConfiguration;
			baseConfigurationReference = F4E1F0EDDF5EF94D1C8FDF26 /* Pods-GimmeUITests.debug.xcconfig */;
			buildSettings = {
				ALWAYS_EMBED_SWIFT_STANDARD_LIBRARIES = YES;
				CODE_SIGN_STYLE = Automatic;
				DEVELOPMENT_TEAM = SVZAHA84K9;
				INFOPLIST_FILE = GimmeUITests/Info.plist;
				LD_RUNPATH_SEARCH_PATHS = (
					"$(inherited)",
					"@executable_path/Frameworks",
					"@loader_path/Frameworks",
				);
				PRODUCT_BUNDLE_IDENTIFIER = com.snboyle.GimmeUITests;
				PRODUCT_NAME = "$(TARGET_NAME)";
				SWIFT_VERSION = 5.0;
				TARGETED_DEVICE_FAMILY = "1,2";
				TEST_TARGET_NAME = Gimme;
			};
			name = Debug;
		};
		F756BBE824543FEF00047666 /* Release */ = {
			isa = XCBuildConfiguration;
			baseConfigurationReference = 5AF770AD12201E6AD6CFF231 /* Pods-GimmeUITests.release.xcconfig */;
			buildSettings = {
				ALWAYS_EMBED_SWIFT_STANDARD_LIBRARIES = YES;
				CODE_SIGN_STYLE = Automatic;
				DEVELOPMENT_TEAM = SVZAHA84K9;
				INFOPLIST_FILE = GimmeUITests/Info.plist;
				LD_RUNPATH_SEARCH_PATHS = (
					"$(inherited)",
					"@executable_path/Frameworks",
					"@loader_path/Frameworks",
				);
				PRODUCT_BUNDLE_IDENTIFIER = com.snboyle.GimmeUITests;
				PRODUCT_NAME = "$(TARGET_NAME)";
				SWIFT_VERSION = 5.0;
				TARGETED_DEVICE_FAMILY = "1,2";
				TEST_TARGET_NAME = Gimme;
			};
			name = Release;
		};
/* End XCBuildConfiguration section */

/* Begin XCConfigurationList section */
		F756BBAE24543FED00047666 /* Build configuration list for PBXProject "Gimme" */ = {
			isa = XCConfigurationList;
			buildConfigurations = (
				F756BBDE24543FEF00047666 /* Debug */,
				F756BBDF24543FEF00047666 /* Release */,
			);
			defaultConfigurationIsVisible = 0;
			defaultConfigurationName = Release;
		};
		F756BBE024543FEF00047666 /* Build configuration list for PBXNativeTarget "Gimme" */ = {
			isa = XCConfigurationList;
			buildConfigurations = (
				F756BBE124543FEF00047666 /* Debug */,
				F756BBE224543FEF00047666 /* Release */,
			);
			defaultConfigurationIsVisible = 0;
			defaultConfigurationName = Release;
		};
		F756BBE324543FEF00047666 /* Build configuration list for PBXNativeTarget "GimmeTests" */ = {
			isa = XCConfigurationList;
			buildConfigurations = (
				F756BBE424543FEF00047666 /* Debug */,
				F756BBE524543FEF00047666 /* Release */,
			);
			defaultConfigurationIsVisible = 0;
			defaultConfigurationName = Release;
		};
		F756BBE624543FEF00047666 /* Build configuration list for PBXNativeTarget "GimmeUITests" */ = {
			isa = XCConfigurationList;
			buildConfigurations = (
				F756BBE724543FEF00047666 /* Debug */,
				F756BBE824543FEF00047666 /* Release */,
			);
			defaultConfigurationIsVisible = 0;
			defaultConfigurationName = Release;
		};
/* End XCConfigurationList section */

/* Begin XCVersionGroup section */
		F756BBBA24543FED00047666 /* Gimme.xcdatamodeld */ = {
			isa = XCVersionGroup;
			children = (
				F756BBBB24543FED00047666 /* Gimme.xcdatamodel */,
			);
			currentVersion = F756BBBB24543FED00047666 /* Gimme.xcdatamodel */;
			path = Gimme.xcdatamodeld;
			sourceTree = "<group>";
			versionGroupType = wrapper.xcdatamodel;
		};
/* End XCVersionGroup section */
	};
	rootObject = F756BBAB24543FED00047666 /* Project object */;
}
