// !$*UTF8*$!
{
	archiveVersion = 1;
	classes = {
	};
	objectVersion = 50;
	objects = {

/* Begin PBXBuildFile section */
		F756BBB724543FED00047666 /* AppDelegate.swift in Sources */ = {isa = PBXBuildFile; fileRef = F756BBB624543FED00047666 /* AppDelegate.swift */; };
		F756BBB924543FED00047666 /* SceneDelegate.swift in Sources */ = {isa = PBXBuildFile; fileRef = F756BBB824543FED00047666 /* SceneDelegate.swift */; };
		F756BBBC24543FED00047666 /* Gimme.xcdatamodeld in Sources */ = {isa = PBXBuildFile; fileRef = F756BBBA24543FED00047666 /* Gimme.xcdatamodeld */; };
		F756BBBE24543FED00047666 /* ContentView.swift in Sources */ = {isa = PBXBuildFile; fileRef = F756BBBD24543FED00047666 /* ContentView.swift */; };
		F756BBC024543FEE00047666 /* Assets.xcassets in Resources */ = {isa = PBXBuildFile; fileRef = F756BBBF24543FEE00047666 /* Assets.xcassets */; };
		F756BBC324543FEE00047666 /* Preview Assets.xcassets in Resources */ = {isa = PBXBuildFile; fileRef = F756BBC224543FEE00047666 /* Preview Assets.xcassets */; };
		F756BBC624543FEE00047666 /* LaunchScreen.storyboard in Resources */ = {isa = PBXBuildFile; fileRef = F756BBC424543FEE00047666 /* LaunchScreen.storyboard */; };
		F756BBD124543FEF00047666 /* GimmeTests.swift in Sources */ = {isa = PBXBuildFile; fileRef = F756BBD024543FEF00047666 /* GimmeTests.swift */; };
		F756BBDC24543FEF00047666 /* GimmeUITests.swift in Sources */ = {isa = PBXBuildFile; fileRef = F756BBDB24543FEF00047666 /* GimmeUITests.swift */; };
/* End PBXBuildFile section */

/* Begin PBXContainerItemProxy section */
		F756BBCD24543FEF00047666 /* PBXContainerItemProxy */ = {
			isa = PBXContainerItemProxy;
			containerPortal = F756BBAB24543FED00047666 /* Project object */;
			proxyType = 1;
			remoteGlobalIDString = F756BBB224543FED00047666;
			remoteInfo = Gimme;
		};
		F756BBD824543FEF00047666 /* PBXContainerItemProxy */ = {
			isa = PBXContainerItemProxy;
			containerPortal = F756BBAB24543FED00047666 /* Project object */;
			proxyType = 1;
			remoteGlobalIDString = F756BBB224543FED00047666;
			remoteInfo = Gimme;
		};
/* End PBXContainerItemProxy section */

/* Begin PBXFileReference section */
		F756BBB324543FED00047666 /* Gimme.app */ = {isa = PBXFileReference; explicitFileType = wrapper.application; includeInIndex = 0; path = Gimme.app; sourceTree = BUILT_PRODUCTS_DIR; };
		F756BBB624543FED00047666 /* AppDelegate.swift */ = {isa = PBXFileReference; lastKnownFileType = sourcecode.swift; path = AppDelegate.swift; sourceTree = "<group>"; };
		F756BBB824543FED00047666 /* SceneDelegate.swift */ = {isa = PBXFileReference; lastKnownFileType = sourcecode.swift; path = SceneDelegate.swift; sourceTree = "<group>"; };
		F756BBBB24543FED00047666 /* Gimme.xcdatamodel */ = {isa = PBXFileReference; lastKnownFileType = wrapper.xcdatamodel; path = Gimme.xcdatamodel; sourceTree = "<group>"; };
		F756BBBD24543FED00047666 /* ContentView.swift */ = {isa = PBXFileReference; lastKnownFileType = sourcecode.swift; path = ContentView.swift; sourceTree = "<group>"; };
		F756BBBF24543FEE00047666 /* Assets.xcassets */ = {isa = PBXFileReference; lastKnownFileType = folder.assetcatalog; path = Assets.xcassets; sourceTree = "<group>"; };
		F756BBC224543FEE00047666 /* Preview Assets.xcassets */ = {isa = PBXFileReference; lastKnownFileType = folder.assetcatalog; path = "Preview Assets.xcassets"; sourceTree = "<group>"; };
		F756BBC524543FEE00047666 /* Base */ = {isa = PBXFileReference; lastKnownFileType = file.storyboard; name = Base; path = Base.lproj/LaunchScreen.storyboard; sourceTree = "<group>"; };
		F756BBC724543FEE00047666 /* Info.plist */ = {isa = PBXFileReference; lastKnownFileType = text.plist.xml; path = Info.plist; sourceTree = "<group>"; };
		F756BBCC24543FEF00047666 /* GimmeTests.xctest */ = {isa = PBXFileReference; explicitFileType = wrapper.cfbundle; includeInIndex = 0; path = GimmeTests.xctest; sourceTree = BUILT_PRODUCTS_DIR; };
		F756BBD024543FEF00047666 /* GimmeTests.swift */ = {isa = PBXFileReference; lastKnownFileType = sourcecode.swift; path = GimmeTests.swift; sourceTree = "<group>"; };
		F756BBD224543FEF00047666 /* Info.plist */ = {isa = PBXFileReference; lastKnownFileType = text.plist.xml; path = Info.plist; sourceTree = "<group>"; };
		F756BBD724543FEF00047666 /* GimmeUITests.xctest */ = {isa = PBXFileReference; explicitFileType = wrapper.cfbundle; includeInIndex = 0; path = GimmeUITests.xctest; sourceTree = BUILT_PRODUCTS_DIR; };
		F756BBDB24543FEF00047666 /* GimmeUITests.swift */ = {isa = PBXFileReference; lastKnownFileType = sourcecode.swift; path = GimmeUITests.swift; sourceTree = "<group>"; };
		F756BBDD24543FEF00047666 /* Info.plist */ = {isa = PBXFileReference; lastKnownFileType = text.plist.xml; path = Info.plist; sourceTree = "<group>"; };
/* End PBXFileReference section */

/* Begin PBXFrameworksBuildPhase section */
		F756BBB024543FED00047666 /* Frameworks */ = {
			isa = PBXFrameworksBuildPhase;
			buildActionMask = 2147483647;
			files = (
			);
			runOnlyForDeploymentPostprocessing = 0;
		};
		F756BBC924543FEF00047666 /* Frameworks */ = {
			isa = PBXFrameworksBuildPhase;
			buildActionMask = 2147483647;
			files = (
			);
			runOnlyForDeploymentPostprocessing = 0;
		};
		F756BBD424543FEF00047666 /* Frameworks */ = {
			isa = PBXFrameworksBuildPhase;
			buildActionMask = 2147483647;
			files = (
			);
			runOnlyForDeploymentPostprocessing = 0;
		};
/* End PBXFrameworksBuildPhase section */

/* Begin PBXGroup section */
		F756BBAA24543FED00047666 = {
			isa = PBXGroup;
			children = (
				F756BBB524543FED00047666 /* Gimme */,
				F756BBCF24543FEF00047666 /* GimmeTests */,
				F756BBDA24543FEF00047666 /* GimmeUITests */,
				F756BBB424543FED00047666 /* Products */,
			);
			sourceTree = "<group>";
		};
		F756BBB424543FED00047666 /* Products */ = {
			isa = PBXGroup;
			children = (
				F756BBB324543FED00047666 /* Gimme.app */,
				F756BBCC24543FEF00047666 /* GimmeTests.xctest */,
				F756BBD724543FEF00047666 /* GimmeUITests.xctest */,
			);
			name = Products;
			sourceTree = "<group>";
		};
		F756BBB524543FED00047666 /* Gimme */ = {
			isa = PBXGroup;
			children = (
				F756BBB624543FED00047666 /* AppDelegate.swift */,
				F756BBB824543FED00047666 /* SceneDelegate.swift */,
				F756BBBD24543FED00047666 /* ContentView.swift */,
				F756BBBF24543FEE00047666 /* Assets.xcassets */,
				F756BBC424543FEE00047666 /* LaunchScreen.storyboard */,
				F756BBC724543FEE00047666 /* Info.plist */,
				F756BBBA24543FED00047666 /* Gimme.xcdatamodeld */,
				F756BBC124543FEE00047666 /* Preview Content */,
			);
			path = Gimme;
			sourceTree = "<group>";
		};
		F756BBC124543FEE00047666 /* Preview Content */ = {
			isa = PBXGroup;
			children = (
				F756BBC224543FEE00047666 /* Preview Assets.xcassets */,
			);
			path = "Preview Content";
			sourceTree = "<group>";
		};
		F756BBCF24543FEF00047666 /* GimmeTests */ = {
			isa = PBXGroup;
			children = (
				F756BBD024543FEF00047666 /* GimmeTests.swift */,
				F756BBD224543FEF00047666 /* Info.plist */,
			);
			path = GimmeTests;
			sourceTree = "<group>";
		};
		F756BBDA24543FEF00047666 /* GimmeUITests */ = {
			isa = PBXGroup;
			children = (
				F756BBDB24543FEF00047666 /* GimmeUITests.swift */,
				F756BBDD24543FEF00047666 /* Info.plist */,
			);
			path = GimmeUITests;
			sourceTree = "<group>";
		};
/* End PBXGroup section */

/* Begin PBXNativeTarget section */
		F756BBB224543FED00047666 /* Gimme */ = {
			isa = PBXNativeTarget;
			buildConfigurationList = F756BBE024543FEF00047666 /* Build configuration list for PBXNativeTarget "Gimme" */;
			buildPhases = (
				F756BBAF24543FED00047666 /* Sources */,
				F756BBB024543FED00047666 /* Frameworks */,
				F756BBB124543FED00047666 /* Resources */,
			);
			buildRules = (
			);
			dependencies = (
			);
			name = Gimme;
			productName = Gimme;
			productReference = F756BBB324543FED00047666 /* Gimme.app */;
			productType = "com.apple.product-type.application";
		};
		F756BBCB24543FEF00047666 /* GimmeTests */ = {
			isa = PBXNativeTarget;
			buildConfigurationList = F756BBE324543FEF00047666 /* Build configuration list for PBXNativeTarget "GimmeTests" */;
			buildPhases = (
				F756BBC824543FEF00047666 /* Sources */,
				F756BBC924543FEF00047666 /* Frameworks */,
				F756BBCA24543FEF00047666 /* Resources */,
			);
			buildRules = (
			);
			dependencies = (
				F756BBCE24543FEF00047666 /* PBXTargetDependency */,
			);
			name = GimmeTests;
			productName = GimmeTests;
			productReference = F756BBCC24543FEF00047666 /* GimmeTests.xctest */;
			productType = "com.apple.product-type.bundle.unit-test";
		};
		F756BBD624543FEF00047666 /* GimmeUITests */ = {
			isa = PBXNativeTarget;
			buildConfigurationList = F756BBE624543FEF00047666 /* Build configuration list for PBXNativeTarget "GimmeUITests" */;
			buildPhases = (
				F756BBD324543FEF00047666 /* Sources */,
				F756BBD424543FEF00047666 /* Frameworks */,
				F756BBD524543FEF00047666 /* Resources */,
			);
			buildRules = (
			);
			dependencies = (
				F756BBD924543FEF00047666 /* PBXTargetDependency */,
			);
			name = GimmeUITests;
			productName = GimmeUITests;
			productReference = F756BBD724543FEF00047666 /* GimmeUITests.xctest */;
			productType = "com.apple.product-type.bundle.ui-testing";
		};
/* End PBXNativeTarget section */

/* Begin PBXProject section */
		F756BBAB24543FED00047666 /* Project object */ = {
			isa = PBXProject;
			attributes = {
				LastSwiftUpdateCheck = 1130;
				LastUpgradeCheck = 1130;
				ORGANIZATIONNAME = "Stephen Boyle";
				TargetAttributes = {
					F756BBB224543FED00047666 = {
						CreatedOnToolsVersion = 11.3.1;
					};
					F756BBCB24543FEF00047666 = {
						CreatedOnToolsVersion = 11.3.1;
						TestTargetID = F756BBB224543FED00047666;
					};
					F756BBD624543FEF00047666 = {
						CreatedOnToolsVersion = 11.3.1;
						TestTargetID = F756BBB224543FED00047666;
					};
				};
			};
			buildConfigurationList = F756BBAE24543FED00047666 /* Build configuration list for PBXProject "Gimme" */;
			compatibilityVersion = "Xcode 9.3";
			developmentRegion = en;
			hasScannedForEncodings = 0;
			knownRegions = (
				en,
				Base,
			);
			mainGroup = F756BBAA24543FED00047666;
			productRefGroup = F756BBB424543FED00047666 /* Products */;
			projectDirPath = "";
			projectRoot = "";
			targets = (
				F756BBB224543FED00047666 /* Gimme */,
				F756BBCB24543FEF00047666 /* GimmeTests */,
				F756BBD624543FEF00047666 /* GimmeUITests */,
			);
		};
/* End PBXProject section */

/* Begin PBXResourcesBuildPhase section */
		F756BBB124543FED00047666 /* Resources */ = {
			isa = PBXResourcesBuildPhase;
			buildActionMask = 2147483647;
			files = (
				F756BBC624543FEE00047666 /* LaunchScreen.storyboard in Resources */,
				F756BBC324543FEE00047666 /* Preview Assets.xcassets in Resources */,
				F756BBC024543FEE00047666 /* Assets.xcassets in Resources */,
			);
			runOnlyForDeploymentPostprocessing = 0;
		};
		F756BBCA24543FEF00047666 /* Resources */ = {
			isa = PBXResourcesBuildPhase;
			buildActionMask = 2147483647;
			files = (
			);
			runOnlyForDeploymentPostprocessing = 0;
		};
		F756BBD524543FEF00047666 /* Resources */ = {
			isa = PBXResourcesBuildPhase;
			buildActionMask = 2147483647;
			files = (
			);
			runOnlyForDeploymentPostprocessing = 0;
		};
/* End PBXResourcesBuildPhase section */

/* Begin PBXSourcesBuildPhase section */
		F756BBAF24543FED00047666 /* Sources */ = {
			isa = PBXSourcesBuildPhase;
			buildActionMask = 2147483647;
			files = (
				F756BBBC24543FED00047666 /* Gimme.xcdatamodeld in Sources */,
				F756BBB724543FED00047666 /* AppDelegate.swift in Sources */,
				F756BBBE24543FED00047666 /* ContentView.swift in Sources */,
				F756BBB924543FED00047666 /* SceneDelegate.swift in Sources */,
			);
			runOnlyForDeploymentPostprocessing = 0;
		};
		F756BBC824543FEF00047666 /* Sources */ = {
			isa = PBXSourcesBuildPhase;
			buildActionMask = 2147483647;
			files = (
				F756BBD124543FEF00047666 /* GimmeTests.swift in Sources */,
			);
			runOnlyForDeploymentPostprocessing = 0;
		};
		F756BBD324543FEF00047666 /* Sources */ = {
			isa = PBXSourcesBuildPhase;
			buildActionMask = 2147483647;
			files = (
				F756BBDC24543FEF00047666 /* GimmeUITests.swift in Sources */,
			);
			runOnlyForDeploymentPostprocessing = 0;
		};
/* End PBXSourcesBuildPhase section */

/* Begin PBXTargetDependency section */
		F756BBCE24543FEF00047666 /* PBXTargetDependency */ = {
			isa = PBXTargetDependency;
			target = F756BBB224543FED00047666 /* Gimme */;
			targetProxy = F756BBCD24543FEF00047666 /* PBXContainerItemProxy */;
		};
		F756BBD924543FEF00047666 /* PBXTargetDependency */ = {
			isa = PBXTargetDependency;
			target = F756BBB224543FED00047666 /* Gimme */;
			targetProxy = F756BBD824543FEF00047666 /* PBXContainerItemProxy */;
		};
/* End PBXTargetDependency section */

/* Begin PBXVariantGroup section */
		F756BBC424543FEE00047666 /* LaunchScreen.storyboard */ = {
			isa = PBXVariantGroup;
			children = (
				F756BBC524543FEE00047666 /* Base */,
			);
			name = LaunchScreen.storyboard;
			sourceTree = "<group>";
		};
/* End PBXVariantGroup section */

/* Begin XCBuildConfiguration section */
		F756BBDE24543FEF00047666 /* Debug */ = {
			isa = XCBuildConfiguration;
			buildSettings = {
				ALWAYS_SEARCH_USER_PATHS = NO;
				CLANG_ANALYZER_NONNULL = YES;
				CLANG_ANALYZER_NUMBER_OBJECT_CONVERSION = YES_AGGRESSIVE;
				CLANG_CXX_LANGUAGE_STANDARD = "gnu++14";
				CLANG_CXX_LIBRARY = "libc++";
				CLANG_ENABLE_MODULES = YES;
				CLANG_ENABLE_OBJC_ARC = YES;
				CLANG_ENABLE_OBJC_WEAK = YES;
				CLANG_WARN_BLOCK_CAPTURE_AUTORELEASING = YES;
				CLANG_WARN_BOOL_CONVERSION = YES;
				CLANG_WARN_COMMA = YES;
				CLANG_WARN_CONSTANT_CONVERSION = YES;
				CLANG_WARN_DEPRECATED_OBJC_IMPLEMENTATIONS = YES;
				CLANG_WARN_DIRECT_OBJC_ISA_USAGE = YES_ERROR;
				CLANG_WARN_DOCUMENTATION_COMMENTS = YES;
				CLANG_WARN_EMPTY_BODY = YES;
				CLANG_WARN_ENUM_CONVERSION = YES;
				CLANG_WARN_INFINITE_RECURSION = YES;
				CLANG_WARN_INT_CONVERSION = YES;
				CLANG_WARN_NON_LITERAL_NULL_CONVERSION = YES;
				CLANG_WARN_OBJC_IMPLICIT_RETAIN_SELF = YES;
				CLANG_WARN_OBJC_LITERAL_CONVERSION = YES;
				CLANG_WARN_OBJC_ROOT_CLASS = YES_ERROR;
				CLANG_WARN_RANGE_LOOP_ANALYSIS = YES;
				CLANG_WARN_STRICT_PROTOTYPES = YES;
				CLANG_WARN_SUSPICIOUS_MOVE = YES;
				CLANG_WARN_UNGUARDED_AVAILABILITY = YES_AGGRESSIVE;
				CLANG_WARN_UNREACHABLE_CODE = YES;
				CLANG_WARN__DUPLICATE_METHOD_MATCH = YES;
				COPY_PHASE_STRIP = NO;
				DEBUG_INFORMATION_FORMAT = dwarf;
				ENABLE_STRICT_OBJC_MSGSEND = YES;
				ENABLE_TESTABILITY = YES;
				GCC_C_LANGUAGE_STANDARD = gnu11;
				GCC_DYNAMIC_NO_PIC = NO;
				GCC_NO_COMMON_BLOCKS = YES;
				GCC_OPTIMIZATION_LEVEL = 0;
				GCC_PREPROCESSOR_DEFINITIONS = (
					"DEBUG=1",
					"$(inherited)",
				);
				GCC_WARN_64_TO_32_BIT_CONVERSION = YES;
				GCC_WARN_ABOUT_RETURN_TYPE = YES_ERROR;
				GCC_WARN_UNDECLARED_SELECTOR = YES;
				GCC_WARN_UNINITIALIZED_AUTOS = YES_AGGRESSIVE;
				GCC_WARN_UNUSED_FUNCTION = YES;
				GCC_WARN_UNUSED_VARIABLE = YES;
				IPHONEOS_DEPLOYMENT_TARGET = 13.2;
				MTL_ENABLE_DEBUG_INFO = INCLUDE_SOURCE;
				MTL_FAST_MATH = YES;
				ONLY_ACTIVE_ARCH = YES;
				SDKROOT = iphoneos;
				SWIFT_ACTIVE_COMPILATION_CONDITIONS = DEBUG;
				SWIFT_OPTIMIZATION_LEVEL = "-Onone";
			};
			name = Debug;
		};
		F756BBDF24543FEF00047666 /* Release */ = {
			isa = XCBuildConfiguration;
			buildSettings = {
				ALWAYS_SEARCH_USER_PATHS = NO;
				CLANG_ANALYZER_NONNULL = YES;
				CLANG_ANALYZER_NUMBER_OBJECT_CONVERSION = YES_AGGRESSIVE;
				CLANG_CXX_LANGUAGE_STANDARD = "gnu++14";
				CLANG_CXX_LIBRARY = "libc++";
				CLANG_ENABLE_MODULES = YES;
				CLANG_ENABLE_OBJC_ARC = YES;
				CLANG_ENABLE_OBJC_WEAK = YES;
				CLANG_WARN_BLOCK_CAPTURE_AUTORELEASING = YES;
				CLANG_WARN_BOOL_CONVERSION = YES;
				CLANG_WARN_COMMA = YES;
				CLANG_WARN_CONSTANT_CONVERSION = YES;
				CLANG_WARN_DEPRECATED_OBJC_IMPLEMENTATIONS = YES;
				CLANG_WARN_DIRECT_OBJC_ISA_USAGE = YES_ERROR;
				CLANG_WARN_DOCUMENTATION_COMMENTS = YES;
				CLANG_WARN_EMPTY_BODY = YES;
				CLANG_WARN_ENUM_CONVERSION = YES;
				CLANG_WARN_INFINITE_RECURSION = YES;
				CLANG_WARN_INT_CONVERSION = YES;
				CLANG_WARN_NON_LITERAL_NULL_CONVERSION = YES;
				CLANG_WARN_OBJC_IMPLICIT_RETAIN_SELF = YES;
				CLANG_WARN_OBJC_LITERAL_CONVERSION = YES;
				CLANG_WARN_OBJC_ROOT_CLASS = YES_ERROR;
				CLANG_WARN_RANGE_LOOP_ANALYSIS = YES;
				CLANG_WARN_STRICT_PROTOTYPES = YES;
				CLANG_WARN_SUSPICIOUS_MOVE = YES;
				CLANG_WARN_UNGUARDED_AVAILABILITY = YES_AGGRESSIVE;
				CLANG_WARN_UNREACHABLE_CODE = YES;
				CLANG_WARN__DUPLICATE_METHOD_MATCH = YES;
				COPY_PHASE_STRIP = NO;
				DEBUG_INFORMATION_FORMAT = "dwarf-with-dsym";
				ENABLE_NS_ASSERTIONS = NO;
				ENABLE_STRICT_OBJC_MSGSEND = YES;
				GCC_C_LANGUAGE_STANDARD = gnu11;
				GCC_NO_COMMON_BLOCKS = YES;
				GCC_WARN_64_TO_32_BIT_CONVERSION = YES;
				GCC_WARN_ABOUT_RETURN_TYPE = YES_ERROR;
				GCC_WARN_UNDECLARED_SELECTOR = YES;
				GCC_WARN_UNINITIALIZED_AUTOS = YES_AGGRESSIVE;
				GCC_WARN_UNUSED_FUNCTION = YES;
				GCC_WARN_UNUSED_VARIABLE = YES;
				IPHONEOS_DEPLOYMENT_TARGET = 13.2;
				MTL_ENABLE_DEBUG_INFO = NO;
				MTL_FAST_MATH = YES;
				SDKROOT = iphoneos;
				SWIFT_COMPILATION_MODE = wholemodule;
				SWIFT_OPTIMIZATION_LEVEL = "-O";
				VALIDATE_PRODUCT = YES;
			};
			name = Release;
		};
		F756BBE124543FEF00047666 /* Debug */ = {
			isa = XCBuildConfiguration;
			buildSettings = {
				ASSETCATALOG_COMPILER_APPICON_NAME = AppIcon;
				CODE_SIGN_STYLE = Automatic;
				DEVELOPMENT_ASSET_PATHS = "\"Gimme/Preview Content\"";
				DEVELOPMENT_TEAM = SVZAHA84K9;
				ENABLE_PREVIEWS = YES;
				INFOPLIST_FILE = Gimme/Info.plist;
				LD_RUNPATH_SEARCH_PATHS = (
					"$(inherited)",
					"@executable_path/Frameworks",
				);
				PRODUCT_BUNDLE_IDENTIFIER = com.snboyle.Gimme;
				PRODUCT_NAME = "$(TARGET_NAME)";
				SWIFT_VERSION = 5.0;
				TARGETED_DEVICE_FAMILY = "1,2";
			};
			name = Debug;
		};
		F756BBE224543FEF00047666 /* Release */ = {
			isa = XCBuildConfiguration;
			buildSettings = {
				ASSETCATALOG_COMPILER_APPICON_NAME = AppIcon;
				CODE_SIGN_STYLE = Automatic;
				DEVELOPMENT_ASSET_PATHS = "\"Gimme/Preview Content\"";
				DEVELOPMENT_TEAM = SVZAHA84K9;
				ENABLE_PREVIEWS = YES;
				INFOPLIST_FILE = Gimme/Info.plist;
				LD_RUNPATH_SEARCH_PATHS = (
					"$(inherited)",
					"@executable_path/Frameworks",
				);
				PRODUCT_BUNDLE_IDENTIFIER = com.snboyle.Gimme;
				PRODUCT_NAME = "$(TARGET_NAME)";
				SWIFT_VERSION = 5.0;
				TARGETED_DEVICE_FAMILY = "1,2";
			};
			name = Release;
		};
		F756BBE424543FEF00047666 /* Debug */ = {
			isa = XCBuildConfiguration;
			buildSettings = {
				ALWAYS_EMBED_SWIFT_STANDARD_LIBRARIES = YES;
				BUNDLE_LOADER = "$(TEST_HOST)";
				CODE_SIGN_STYLE = Automatic;
				DEVELOPMENT_TEAM = SVZAHA84K9;
				INFOPLIST_FILE = GimmeTests/Info.plist;
				IPHONEOS_DEPLOYMENT_TARGET = 13.2;
				LD_RUNPATH_SEARCH_PATHS = (
					"$(inherited)",
					"@executable_path/Frameworks",
					"@loader_path/Frameworks",
				);
				PRODUCT_BUNDLE_IDENTIFIER = com.snboyle.GimmeTests;
				PRODUCT_NAME = "$(TARGET_NAME)";
				SWIFT_VERSION = 5.0;
				TARGETED_DEVICE_FAMILY = "1,2";
				TEST_HOST = "$(BUILT_PRODUCTS_DIR)/Gimme.app/Gimme";
			};
			name = Debug;
		};
		F756BBE524543FEF00047666 /* Release */ = {
			isa = XCBuildConfiguration;
			buildSettings = {
				ALWAYS_EMBED_SWIFT_STANDARD_LIBRARIES = YES;
				BUNDLE_LOADER = "$(TEST_HOST)";
				CODE_SIGN_STYLE = Automatic;
				DEVELOPMENT_TEAM = SVZAHA84K9;
				INFOPLIST_FILE = GimmeTests/Info.plist;
				IPHONEOS_DEPLOYMENT_TARGET = 13.2;
				LD_RUNPATH_SEARCH_PATHS = (
					"$(inherited)",
					"@executable_path/Frameworks",
					"@loader_path/Frameworks",
				);
				PRODUCT_BUNDLE_IDENTIFIER = com.snboyle.GimmeTests;
				PRODUCT_NAME = "$(TARGET_NAME)";
				SWIFT_VERSION = 5.0;
				TARGETED_DEVICE_FAMILY = "1,2";
				TEST_HOST = "$(BUILT_PRODUCTS_DIR)/Gimme.app/Gimme";
			};
			name = Release;
		};
		F756BBE724543FEF00047666 /* Debug */ = {
			isa = XCBuildConfiguration;
			buildSettings = {
				ALWAYS_EMBED_SWIFT_STANDARD_LIBRARIES = YES;
				CODE_SIGN_STYLE = Automatic;
				DEVELOPMENT_TEAM = SVZAHA84K9;
				INFOPLIST_FILE = GimmeUITests/Info.plist;
				LD_RUNPATH_SEARCH_PATHS = (
					"$(inherited)",
					"@executable_path/Frameworks",
					"@loader_path/Frameworks",
				);
				PRODUCT_BUNDLE_IDENTIFIER = com.snboyle.GimmeUITests;
				PRODUCT_NAME = "$(TARGET_NAME)";
				SWIFT_VERSION = 5.0;
				TARGETED_DEVICE_FAMILY = "1,2";
				TEST_TARGET_NAME = Gimme;
			};
			name = Debug;
		};
		F756BBE824543FEF00047666 /* Release */ = {
			isa = XCBuildConfiguration;
			buildSettings = {
				ALWAYS_EMBED_SWIFT_STANDARD_LIBRARIES = YES;
				CODE_SIGN_STYLE = Automatic;
				DEVELOPMENT_TEAM = SVZAHA84K9;
				INFOPLIST_FILE = GimmeUITests/Info.plist;
				LD_RUNPATH_SEARCH_PATHS = (
					"$(inherited)",
					"@executable_path/Frameworks",
					"@loader_path/Frameworks",
				);
				PRODUCT_BUNDLE_IDENTIFIER = com.snboyle.GimmeUITests;
				PRODUCT_NAME = "$(TARGET_NAME)";
				SWIFT_VERSION = 5.0;
				TARGETED_DEVICE_FAMILY = "1,2";
				TEST_TARGET_NAME = Gimme;
			};
			name = Release;
		};
/* End XCBuildConfiguration section */

/* Begin XCConfigurationList section */
		F756BBAE24543FED00047666 /* Build configuration list for PBXProject "Gimme" */ = {
			isa = XCConfigurationList;
			buildConfigurations = (
				F756BBDE24543FEF00047666 /* Debug */,
				F756BBDF24543FEF00047666 /* Release */,
			);
			defaultConfigurationIsVisible = 0;
			defaultConfigurationName = Release;
		};
		F756BBE024543FEF00047666 /* Build configuration list for PBXNativeTarget "Gimme" */ = {
			isa = XCConfigurationList;
			buildConfigurations = (
				F756BBE124543FEF00047666 /* Debug */,
				F756BBE224543FEF00047666 /* Release */,
			);
			defaultConfigurationIsVisible = 0;
			defaultConfigurationName = Release;
		};
		F756BBE324543FEF00047666 /* Build configuration list for PBXNativeTarget "GimmeTests" */ = {
			isa = XCConfigurationList;
			buildConfigurations = (
				F756BBE424543FEF00047666 /* Debug */,
				F756BBE524543FEF00047666 /* Release */,
			);
			defaultConfigurationIsVisible = 0;
			defaultConfigurationName = Release;
		};
		F756BBE624543FEF00047666 /* Build configuration list for PBXNativeTarget "GimmeUITests" */ = {
			isa = XCConfigurationList;
			buildConfigurations = (
				F756BBE724543FEF00047666 /* Debug */,
				F756BBE824543FEF00047666 /* Release */,
			);
			defaultConfigurationIsVisible = 0;
			defaultConfigurationName = Release;
		};
/* End XCConfigurationList section */

/* Begin XCVersionGroup section */
		F756BBBA24543FED00047666 /* Gimme.xcdatamodeld */ = {
			isa = XCVersionGroup;
			children = (
				F756BBBB24543FED00047666 /* Gimme.xcdatamodel */,
			);
			currentVersion = F756BBBB24543FED00047666 /* Gimme.xcdatamodel */;
			path = Gimme.xcdatamodeld;
			sourceTree = "<group>";
			versionGroupType = wrapper.xcdatamodel;
		};
/* End XCVersionGroup section */
	};
	rootObject = F756BBAB24543FED00047666 /* Project object */;
}
